<?xml version="1.0" encoding="utf-8"?>
<Project ToolsVersion="18.0" xmlns="http://schemas.microsoft.com/developer/msbuild/2003">
  <ItemGroup>
    <ClCompile Include="C:\Users\rob\source\holo\RegisLex\src\core\regislex.c">
      <Filter>Source Files</Filter>
    </ClCompile>
    <ClCompile Include="C:\Users\rob\source\holo\RegisLex\src\core\error.c">
      <Filter>Source Files</Filter>
    </ClCompile>
    <ClCompile Include="C:\Users\rob\source\holo\RegisLex\src\core\memory.c">
      <Filter>Source Files</Filter>
    </ClCompile>
    <ClCompile Include="C:\Users\rob\source\holo\RegisLex\src\core\string_utils.c">
      <Filter>Source Files</Filter>
    </ClCompile>
    <ClCompile Include="C:\Users\rob\source\holo\RegisLex\src\core\time_utils.c">
      <Filter>Source Files</Filter>
    </ClCompile>
    <ClCompile Include="C:\Users\rob\source\holo\RegisLex\src\core\uuid.c">
      <Filter>Source Files</Filter>
    </ClCompile>
    <ClCompile Include="C:\Users\rob\source\holo\RegisLex\src\core\config.c">
      <Filter>Source Files</Filter>
    </ClCompile>
    <ClCompile Include="C:\Users\rob\source\holo\RegisLex\src\core\logger.c">
      <Filter>Source Files</Filter>
    </ClCompile>
    <ClCompile Include="C:\Users\rob\source\holo\RegisLex\src\platform\platform.c">
      <Filter>Source Files</Filter>
    </ClCompile>
    <ClCompile Include="C:\Users\rob\source\holo\RegisLex\src\platform\filesystem.c">
      <Filter>Source Files</Filter>
    </ClCompile>
    <ClCompile Include="C:\Users\rob\source\holo\RegisLex\src\platform\threading.c">
      <Filter>Source Files</Filter>
    </ClCompile>
    <ClCompile Include="C:\Users\rob\source\holo\RegisLex\src\platform\network.c">
      <Filter>Source Files</Filter>
    </ClCompile>
    <ClCompile Include="C:\Users\rob\source\holo\RegisLex\src\database\database.c">
      <Filter>Source Files</Filter>
    </ClCompile>
    <ClCompile Include="C:\Users\rob\source\holo\RegisLex\src\database\sqlite_driver.c">
      <Filter>Source Files</Filter>
    </ClCompile>
    <ClCompile Include="C:\Users\rob\source\holo\RegisLex\src\database\migration.c">
      <Filter>Source Files</Filter>
    </ClCompile>
    <ClCompile Include="C:\Users\rob\source\holo\RegisLex\src\database\query_builder.c">
      <Filter>Source Files</Filter>
    </ClCompile>
    <ClCompile Include="C:\Users\rob\source\holo\RegisLex\src\modules\case_management\case.c">
      <Filter>Source Files</Filter>
    </ClCompile>
    <ClCompile Include="C:\Users\rob\source\holo\RegisLex\src\modules\deadline_management\deadline.c">
      <Filter>Source Files</Filter>
    </ClCompile>
    <ClCompile Include="C:\Users\rob\source\holo\RegisLex\src\modules\workflow\workflow_engine.c">
      <Filter>Source Files</Filter>
    </ClCompile>
    <ClCompile Include="C:\Users\rob\source\holo\RegisLex\src\modules\reporting\report_engine.c">
      <Filter>Source Files</Filter>
    </ClCompile>
    <ClCompile Include="C:\Users\rob\source\holo\RegisLex\src\modules\document_management\document_manager.c">
      <Filter>Source Files</Filter>
    </ClCompile>
    <ClCompile Include="C:\Users\rob\source\holo\RegisLex\src\modules\legislative_tracking\legislative_tracker.c">
      <Filter>Source Files</Filter>
    </ClCompile>
    <ClCompile Include="C:\Users\rob\source\holo\RegisLex\src\modules\elm\elm_manager.c">
      <Filter>Source Files</Filter>
    </ClCompile>
    <ClCompile Include="C:\Users\rob\source\holo\RegisLex\src\api\rest_api.c">
      <Filter>Source Files</Filter>
    </ClCompile>
    <ClCompile Include="C:\Users\rob\source\holo\RegisLex\src\utils\validation.c">
      <Filter>Source Files</Filter>
    </ClCompile>
  </ItemGroup>
  <ItemGroup>
    <CustomBuild Include="C:\Users\rob\source\holo\RegisLex\CMakeLists.txt" />
  </ItemGroup>
  <ItemGroup>
    <Filter Include="Source Files">
      <UniqueIdentifier>{DA4DD655-6C1A-374B-8159-B4CA7DFF4C40}</UniqueIdentifier>
    </Filter>
  </ItemGroup>
</Project>
